
Microsoft Visual Studio Solution File, Format Version 12.00
# Visual Studio Version 16
VisualStudioVersion = 16.0.29911.84
MinimumVisualStudioVersion = 10.0.40219.1
Project("{FAE04EC0-301F-11D3-BF4B-00C04F79EFBC}") = "RevisarFondos", "RevisarFondos\RevisarFondos.csproj", "{5034BCBF-0C21-46C5-A787-AFB760066712}"
EndProject
Global
	GlobalSection(SolutionConfigurationPlatforms) = preSolution
		Debug|Any CPU = Debug|Any CPU
		Release|Any CPU = Release|Any CPU
	EndGlobalSection
	GlobalSection(ProjectConfigurationPlatforms) = postSolution
		{5034BCBF-0C21-46C5-A787-AFB760066712}.Debug|Any CPU.ActiveCfg = Debug|Any CPU
		{5034BCBF-0C21-46C5-A787-AFB760066712}.Debug|Any CPU.Build.0 = Debug|Any CPU
		{5034BCBF-0C21-46C5-A787-AFB760066712}.Release|Any CPU.ActiveCfg = Release|Any CPU
		{5034BCBF-0C21-46C5-A787-AFB760066712}.Release|Any CPU.Build.0 = Release|Any CPU
	EndGlobalSection
	GlobalSection(SolutionProperties) = preSolution
		HideSolutionNode = FALSE
	EndGlobalSection
	GlobalSection(ExtensibilityGlobals) = postSolution
		SolutionGuid = {F60E4AAC-2576-42E6-9732-8227D8650A72}
	EndGlobalSection
EndGlobal
